
Microsoft Visual Studio Solution File, Format Version 12.00
# Visual Studio Version 17
VisualStudioVersion = 17.7.34202.233
MinimumVisualStudioVersion = 10.0.40219.1
Project("{FAE04EC0-301F-11D3-BF4B-00C04F79EFBC}") = "bth6", "bth6\bth6.csproj", "{87D78EAC-E78F-425C-BD49-6E89D96D19D6}"
EndProject
Global
	GlobalSection(SolutionConfigurationPlatforms) = preSolution
		Debug|Any CPU = Debug|Any CPU
		Release|Any CPU = Release|Any CPU
	EndGlobalSection
	GlobalSection(ProjectConfigurationPlatforms) = postSolution
		{87D78EAC-E78F-425C-BD49-6E89D96D19D6}.Debug|Any CPU.ActiveCfg = Debug|Any CPU
		{87D78EAC-E78F-425C-BD49-6E89D96D19D6}.Debug|Any CPU.Build.0 = Debug|Any CPU
		{87D78EAC-E78F-425C-BD49-6E89D96D19D6}.Release|Any CPU.ActiveCfg = Release|Any CPU
		{87D78EAC-E78F-425C-BD49-6E89D96D19D6}.Release|Any CPU.Build.0 = Release|Any CPU
	EndGlobalSection
	GlobalSection(SolutionProperties) = preSolution
		HideSolutionNode = FALSE
	EndGlobalSection
	GlobalSection(ExtensibilityGlobals) = postSolution
		SolutionGuid = {5F1EA2D3-65FC-403A-AB7B-63D752046409}
	EndGlobalSection
EndGlobal
