
Microsoft Visual Studio Solution File, Format Version 12.00
# Visual Studio Version 17
VisualStudioVersion = 17.7.34202.233
MinimumVisualStudioVersion = 10.0.40219.1
Project("{FAE04EC0-301F-11D3-BF4B-00C04F79EFBC}") = "b10", "b10\b10.csproj", "{4725BD58-FD0F-430A-9B12-7E45DA35BBA5}"
EndProject
Global
	GlobalSection(SolutionConfigurationPlatforms) = preSolution
		Debug|Any CPU = Debug|Any CPU
		Release|Any CPU = Release|Any CPU
	EndGlobalSection
	GlobalSection(ProjectConfigurationPlatforms) = postSolution
		{4725BD58-FD0F-430A-9B12-7E45DA35BBA5}.Debug|Any CPU.ActiveCfg = Debug|Any CPU
		{4725BD58-FD0F-430A-9B12-7E45DA35BBA5}.Debug|Any CPU.Build.0 = Debug|Any CPU
		{4725BD58-FD0F-430A-9B12-7E45DA35BBA5}.Release|Any CPU.ActiveCfg = Release|Any CPU
		{4725BD58-FD0F-430A-9B12-7E45DA35BBA5}.Release|Any CPU.Build.0 = Release|Any CPU
	EndGlobalSection
	GlobalSection(SolutionProperties) = preSolution
		HideSolutionNode = FALSE
	EndGlobalSection
	GlobalSection(ExtensibilityGlobals) = postSolution
		SolutionGuid = {724138DC-D88D-4BE6-B5DD-1685177C5E4E}
	EndGlobalSection
EndGlobal
