
Microsoft Visual Studio Solution File, Format Version 12.00
# Visual Studio Version 17
VisualStudioVersion = 17.8.34330.188
MinimumVisualStudioVersion = 10.0.40219.1
Project("{FAE04EC0-301F-11D3-BF4B-00C04F79EFBC}") = "demothi2", "demothi2\demothi2.csproj", "{B72A9A4F-D249-4C52-830E-107A8B4C8C0E}"
EndProject
Global
	GlobalSection(SolutionConfigurationPlatforms) = preSolution
		Debug|Any CPU = Debug|Any CPU
		Release|Any CPU = Release|Any CPU
	EndGlobalSection
	GlobalSection(ProjectConfigurationPlatforms) = postSolution
		{B72A9A4F-D249-4C52-830E-107A8B4C8C0E}.Debug|Any CPU.ActiveCfg = Debug|Any CPU
		{B72A9A4F-D249-4C52-830E-107A8B4C8C0E}.Debug|Any CPU.Build.0 = Debug|Any CPU
		{B72A9A4F-D249-4C52-830E-107A8B4C8C0E}.Release|Any CPU.ActiveCfg = Release|Any CPU
		{B72A9A4F-D249-4C52-830E-107A8B4C8C0E}.Release|Any CPU.Build.0 = Release|Any CPU
	EndGlobalSection
	GlobalSection(SolutionProperties) = preSolution
		HideSolutionNode = FALSE
	EndGlobalSection
	GlobalSection(ExtensibilityGlobals) = postSolution
		SolutionGuid = {310E16DD-4E19-422B-8F2A-5A5C595743E8}
	EndGlobalSection
EndGlobal
